
Microsoft Visual Studio Solution File, Format Version 12.00
# Visual Studio Version 17
VisualStudioVersion = 17.4.33122.133
MinimumVisualStudioVersion = 10.0.40219.1
Project("{FAE04EC0-301F-11D3-BF4B-00C04F79EFBC}") = "ProblemDojo.Tests", "ProblemDojo.Tests\ProblemDojo.Tests.csproj", "{69DB3096-01ED-4CAF-88ED-A49978558367}"
EndProject
Project("{FAE04EC0-301F-11D3-BF4B-00C04F79EFBC}") = "ProblemDojo", "..\ProblemDojo\ProblemDojo.csproj", "{A7759434-79A2-498F-A2C2-BFEF3058BC7A}"
EndProject
Global
	GlobalSection(SolutionConfigurationPlatforms) = preSolution
		Debug|Any CPU = Debug|Any CPU
		Release|Any CPU = Release|Any CPU
	EndGlobalSection
	GlobalSection(ProjectConfigurationPlatforms) = postSolution
		{69DB3096-01ED-4CAF-88ED-A49978558367}.Debug|Any CPU.ActiveCfg = Debug|Any CPU
		{69DB3096-01ED-4CAF-88ED-A49978558367}.Debug|Any CPU.Build.0 = Debug|Any CPU
		{69DB3096-01ED-4CAF-88ED-A49978558367}.Release|Any CPU.ActiveCfg = Release|Any CPU
		{69DB3096-01ED-4CAF-88ED-A49978558367}.Release|Any CPU.Build.0 = Release|Any CPU
		{A7759434-79A2-498F-A2C2-BFEF3058BC7A}.Debug|Any CPU.ActiveCfg = Debug|Any CPU
		{A7759434-79A2-498F-A2C2-BFEF3058BC7A}.Debug|Any CPU.Build.0 = Debug|Any CPU
		{A7759434-79A2-498F-A2C2-BFEF3058BC7A}.Release|Any CPU.ActiveCfg = Release|Any CPU
		{A7759434-79A2-498F-A2C2-BFEF3058BC7A}.Release|Any CPU.Build.0 = Release|Any CPU
	EndGlobalSection
	GlobalSection(SolutionProperties) = preSolution
		HideSolutionNode = FALSE
	EndGlobalSection
	GlobalSection(ExtensibilityGlobals) = postSolution
		SolutionGuid = {863667D8-9728-4CC0-B918-DD2454F4BE4F}
	EndGlobalSection
EndGlobal
